# This file is automatically @generated by Cargo.
# It is not intended for manual editing.
version = 4

[[package]]
name = "bddcore"
version = "0.3.1"
dependencies = [
 "common",
]

[[package]]
name = "bss"
version = "0.3.3"
dependencies = [
 "bddcore",
]

[[package]]
name = "common"
version = "0.3.0"
dependencies = [
 "wyhash",
]

[[package]]
name = "mddcore"
version = "0.3.3"
dependencies = [
 "common",
]

[[package]]
name = "mss"
version = "0.3.6"
dependencies = [
 "mddcore",
]

[[package]]
name = "rand_core"
version = "0.6.4"
source = "registry+https://github.com/rust-lang/crates.io-index"
checksum = "ec0be4795e2f6a28069bec0b5ff3e2ac9bafc99e6a9a7dc3547996c5c816922c"

[[package]]
name = "wyhash"
version = "0.5.0"
source = "registry+https://github.com/rust-lang/crates.io-index"
checksum = "baf6e163c25e3fac820b4b453185ea2dea3b6a3e0a721d4d23d75bd33734c295"
dependencies = [
 "rand_core",
]
